{
    "version": 3,
    "terraform_version": "0.7.0",
    "serial": 3,
    "lineage": "90b6ac25-ea24-4abb-99ef-840dd05621a3",
    "modules": [
        {
            "path": [
                "root"
            ],
            "outputs": {},
            "resources": {
                "aws_autoscaling_group.load-server-ASG": {
                    "type": "aws_autoscaling_group",
                    "depends_on": [
                        "aws_launch_configuration.load-server-lc"
                    ],
                    "primary": {
                        "id": "load-server-asg",
                        "attributes": {
                            "availability_zones.#": "2",
                            "availability_zones.1305112097": "us-east-1b",
                            "availability_zones.3569565595": "us-east-1a",
                            "default_cooldown": "300",
                            "desired_capacity": "2",
                            "force_delete": "true",
                            "health_check_grace_period": "300",
                            "health_check_type": "EC2",
                            "id": "load-server-asg",
                            "launch_configuration": "load-server-lc",
                            "load_balancers.#": "0",
                            "max_size": "2",
                            "metrics_granularity": "1Minute",
                            "min_size": "2",
                            "name": "load-server-asg",
                            "placement_group": "",
                            "protect_from_scale_in": "false",
                            "tag.#": "1",
                            "tag.2758128523.key": "Name",
                            "tag.2758128523.propagate_at_launch": "true",
                            "tag.2758128523.value": "load-server-asg",
                            "termination_policies.#": "0",
                            "vpc_zone_identifier.#": "1",
                            "vpc_zone_identifier.0": "",
                            "wait_for_capacity_timeout": "10m"
                        }
                    }
                },
                "aws_key_pair.load-server-keypair": {
                    "type": "aws_key_pair",
                    "primary": {
                        "id": "load-server-keypair",
                        "attributes": {
                            "id": "load-server-keypair",
                            "key_name": "load-server-keypair",
                            "public_key": "ssh-rsa AAAAB3NzaC1yc2EAAAADAQABAAABAQC9dDcqRrXe8FpSvpmw3tTLbpK3j1AeWYvMvWTyTsBAMCYnfdDUvHZvxq+RdvJmAuxiY9ZL87DiumibW+9SaqFqXk+cSLrlg9LrtOIT6TqG1nOluWuLVrhTmGwXWQfmLp9QIINZIkJEtWmf9hcUMGTl9i01bxVrA9aAfypSu2bWOTtAQwOOrktsdpzYtbT6q7aL4Hz/ScgCDoG8Ifi0pw4d0xGhPYgwAzZkv7HX+TCH5kVu6pgVixYWyB/s0xp71masKSUq0ddxAOSlzrRtx0B8uN5qGZkoo1vciBDbBfy5J9Ywrsx1Q4v9C1OQ+GCfECFUdeZyRvbWqcHA6VctHXO3 loadServer"
                        },
                        "meta": {
                            "schema_version": "1"
                        }
                    }
                },
                "aws_launch_configuration.load-server-lc": {
                    "type": "aws_launch_configuration",
                    "depends_on": [
                        "aws_key_pair.load-server-keypair",
                        "aws_security_group.default"
                    ],
                    "primary": {
                        "id": "load-server-lc",
                        "attributes": {
                            "associate_public_ip_address": "false",
                            "ebs_block_device.#": "0",
                            "ebs_optimized": "false",
                            "enable_monitoring": "true",
                            "ephemeral_block_device.#": "0",
                            "iam_instance_profile": "",
                            "id": "load-server-lc",
                            "image_id": "ami-6869aa05",
                            "instance_type": "t2.micro",
                            "key_name": "load-server-keypair",
                            "name": "load-server-lc",
                            "root_block_device.#": "0",
                            "security_groups.#": "1",
                            "security_groups.1008188790": "sg-e2de4f98",
                            "spot_price": "",
                            "user_data": "e1bf7b9d70bf7012575effdb6de5eaac2f148cb8",
                            "vpc_classic_link_id": "",
                            "vpc_classic_link_security_groups.#": "0"
                        }
                    }
                },
                "aws_security_group.default": {
                    "type": "aws_security_group",
                    "primary": {
                        "id": "sg-e2de4f98",
                        "attributes": {
                            "description": "Managed by Terraform",
                            "egress.#": "1",
                            "egress.482069346.cidr_blocks.#": "1",
                            "egress.482069346.cidr_blocks.0": "0.0.0.0/0",
                            "egress.482069346.from_port": "0",
                            "egress.482069346.prefix_list_ids.#": "0",
                            "egress.482069346.protocol": "-1",
                            "egress.482069346.security_groups.#": "0",
                            "egress.482069346.self": "false",
                            "egress.482069346.to_port": "0",
                            "id": "sg-e2de4f98",
                            "ingress.#": "2",
                            "ingress.200364841.cidr_blocks.#": "1",
                            "ingress.200364841.cidr_blocks.0": "0.0.0.0/0",
                            "ingress.200364841.from_port": "1099",
                            "ingress.200364841.protocol": "tcp",
                            "ingress.200364841.security_groups.#": "0",
                            "ingress.200364841.self": "false",
                            "ingress.200364841.to_port": "1099",
                            "ingress.2541437006.cidr_blocks.#": "1",
                            "ingress.2541437006.cidr_blocks.0": "0.0.0.0/0",
                            "ingress.2541437006.from_port": "22",
                            "ingress.2541437006.protocol": "tcp",
                            "ingress.2541437006.security_groups.#": "0",
                            "ingress.2541437006.self": "false",
                            "ingress.2541437006.to_port": "22",
                            "name": "load-server-sg",
                            "owner_id": "387697123576",
                            "tags.%": "0",
                            "vpc_id": "vpc-85d569e1"
                        }
                    }
                }
            }
        }
    ]
}
